
Microsoft Visual Studio Solution File, Format Version 12.00
# Visual Studio 2012
Project("{FAE04EC0-301F-11D3-BF4B-00C04F79EFBC}") = "C01Review", "C01Review\C01Review.csproj", "{014AE80E-8A95-49B6-A895-B7EE115A42CA}"
EndProject
Project("{FAE04EC0-301F-11D3-BF4B-00C04F79EFBC}") = "C02方法", "C02方法\C02方法.csproj", "{9F43D1C3-0B95-4878-8290-D1A3FAE46467}"
EndProject
Project("{FAE04EC0-301F-11D3-BF4B-00C04F79EFBC}") = "C03方法", "C03方法\C03方法.csproj", "{EF2555C4-F5B5-41AA-A869-DA680279659B}"
EndProject
Project("{FAE04EC0-301F-11D3-BF4B-00C04F79EFBC}") = "C04Demo", "C04Demo\C04Demo.csproj", "{25FCE9EF-1E51-4D4E-B08F-8CA7F6B41666}"
EndProject
Project("{FAE04EC0-301F-11D3-BF4B-00C04F79EFBC}") = "C05值传递和引用传递", "C05值传递和引用传递\C05值传递和引用传递.csproj", "{0DDC2F82-2268-4511-82BE-53EB8BF451A7}"
EndProject
Project("{FAE04EC0-301F-11D3-BF4B-00C04F79EFBC}") = "C06方法的重载", "C06方法的重载\C06方法的重载.csproj", "{1E7E65F8-6EF5-4D3D-AA67-2930826E11F7}"
EndProject
Global
	GlobalSection(SolutionConfigurationPlatforms) = preSolution
		Debug|Any CPU = Debug|Any CPU
		Release|Any CPU = Release|Any CPU
	EndGlobalSection
	GlobalSection(ProjectConfigurationPlatforms) = postSolution
		{014AE80E-8A95-49B6-A895-B7EE115A42CA}.Debug|Any CPU.ActiveCfg = Debug|Any CPU
		{014AE80E-8A95-49B6-A895-B7EE115A42CA}.Debug|Any CPU.Build.0 = Debug|Any CPU
		{014AE80E-8A95-49B6-A895-B7EE115A42CA}.Release|Any CPU.ActiveCfg = Release|Any CPU
		{014AE80E-8A95-49B6-A895-B7EE115A42CA}.Release|Any CPU.Build.0 = Release|Any CPU
		{9F43D1C3-0B95-4878-8290-D1A3FAE46467}.Debug|Any CPU.ActiveCfg = Debug|Any CPU
		{9F43D1C3-0B95-4878-8290-D1A3FAE46467}.Debug|Any CPU.Build.0 = Debug|Any CPU
		{9F43D1C3-0B95-4878-8290-D1A3FAE46467}.Release|Any CPU.ActiveCfg = Release|Any CPU
		{9F43D1C3-0B95-4878-8290-D1A3FAE46467}.Release|Any CPU.Build.0 = Release|Any CPU
		{EF2555C4-F5B5-41AA-A869-DA680279659B}.Debug|Any CPU.ActiveCfg = Debug|Any CPU
		{EF2555C4-F5B5-41AA-A869-DA680279659B}.Debug|Any CPU.Build.0 = Debug|Any CPU
		{EF2555C4-F5B5-41AA-A869-DA680279659B}.Release|Any CPU.ActiveCfg = Release|Any CPU
		{EF2555C4-F5B5-41AA-A869-DA680279659B}.Release|Any CPU.Build.0 = Release|Any CPU
		{25FCE9EF-1E51-4D4E-B08F-8CA7F6B41666}.Debug|Any CPU.ActiveCfg = Debug|Any CPU
		{25FCE9EF-1E51-4D4E-B08F-8CA7F6B41666}.Debug|Any CPU.Build.0 = Debug|Any CPU
		{25FCE9EF-1E51-4D4E-B08F-8CA7F6B41666}.Release|Any CPU.ActiveCfg = Release|Any CPU
		{25FCE9EF-1E51-4D4E-B08F-8CA7F6B41666}.Release|Any CPU.Build.0 = Release|Any CPU
		{0DDC2F82-2268-4511-82BE-53EB8BF451A7}.Debug|Any CPU.ActiveCfg = Debug|Any CPU
		{0DDC2F82-2268-4511-82BE-53EB8BF451A7}.Debug|Any CPU.Build.0 = Debug|Any CPU
		{0DDC2F82-2268-4511-82BE-53EB8BF451A7}.Release|Any CPU.ActiveCfg = Release|Any CPU
		{0DDC2F82-2268-4511-82BE-53EB8BF451A7}.Release|Any CPU.Build.0 = Release|Any CPU
		{1E7E65F8-6EF5-4D3D-AA67-2930826E11F7}.Debug|Any CPU.ActiveCfg = Debug|Any CPU
		{1E7E65F8-6EF5-4D3D-AA67-2930826E11F7}.Debug|Any CPU.Build.0 = Debug|Any CPU
		{1E7E65F8-6EF5-4D3D-AA67-2930826E11F7}.Release|Any CPU.ActiveCfg = Release|Any CPU
		{1E7E65F8-6EF5-4D3D-AA67-2930826E11F7}.Release|Any CPU.Build.0 = Release|Any CPU
	EndGlobalSection
	GlobalSection(SolutionProperties) = preSolution
		HideSolutionNode = FALSE
	EndGlobalSection
EndGlobal
