
Microsoft Visual Studio Solution File, Format Version 12.00
# Visual Studio 2012
Project("{FAE04EC0-301F-11D3-BF4B-00C04F79EFBC}") = "C01复习", "C01复习\C01复习.csproj", "{338DB12F-F86E-4505-9FBD-A61137AF6340}"
EndProject
Project("{FAE04EC0-301F-11D3-BF4B-00C04F79EFBC}") = "C02交换变量的值", "C02交换变量的值\C02交换变量的值.csproj", "{177A8DE6-418D-468B-BE21-8B1B1F3A574F}"
EndProject
Project("{FAE04EC0-301F-11D3-BF4B-00C04F79EFBC}") = "C03从控制台读取输入", "C03从控制台读取输入\C03从控制台读取输入.csproj", "{76D425F3-E2A0-415B-A7D6-24F0165275E3}"
EndProject
Project("{FAE04EC0-301F-11D3-BF4B-00C04F79EFBC}") = "C04字符串的转义符", "C04字符串的转义符\C04字符串的转义符.csproj", "{874795EC-A595-40B7-AF8A-58BF1489BA40}"
EndProject
Project("{FAE04EC0-301F-11D3-BF4B-00C04F79EFBC}") = "C05占位符", "C05占位符\C05占位符.csproj", "{50F37476-AE33-4D78-86E0-1C3CD14E4332}"
EndProject
Project("{FAE04EC0-301F-11D3-BF4B-00C04F79EFBC}") = "C06程序的注释", "C06程序的注释\C06程序的注释.csproj", "{ED3ABB76-3791-4C9B-9E48-E90349D89350}"
EndProject
Project("{FAE04EC0-301F-11D3-BF4B-00C04F79EFBC}") = "C07算术表达式", "C07算术表达式\C07算术表达式.csproj", "{A9CC1F54-CBB3-4E84-B011-592C37026AA2}"
EndProject
Project("{FAE04EC0-301F-11D3-BF4B-00C04F79EFBC}") = "C08类型转换", "C08类型转换\C08类型转换.csproj", "{B6E916A2-8904-463E-911F-517FD1B74FD1}"
EndProject
Global
	GlobalSection(SolutionConfigurationPlatforms) = preSolution
		Debug|Any CPU = Debug|Any CPU
		Release|Any CPU = Release|Any CPU
	EndGlobalSection
	GlobalSection(ProjectConfigurationPlatforms) = postSolution
		{338DB12F-F86E-4505-9FBD-A61137AF6340}.Debug|Any CPU.ActiveCfg = Debug|Any CPU
		{338DB12F-F86E-4505-9FBD-A61137AF6340}.Debug|Any CPU.Build.0 = Debug|Any CPU
		{338DB12F-F86E-4505-9FBD-A61137AF6340}.Release|Any CPU.ActiveCfg = Release|Any CPU
		{338DB12F-F86E-4505-9FBD-A61137AF6340}.Release|Any CPU.Build.0 = Release|Any CPU
		{177A8DE6-418D-468B-BE21-8B1B1F3A574F}.Debug|Any CPU.ActiveCfg = Debug|Any CPU
		{177A8DE6-418D-468B-BE21-8B1B1F3A574F}.Debug|Any CPU.Build.0 = Debug|Any CPU
		{177A8DE6-418D-468B-BE21-8B1B1F3A574F}.Release|Any CPU.ActiveCfg = Release|Any CPU
		{177A8DE6-418D-468B-BE21-8B1B1F3A574F}.Release|Any CPU.Build.0 = Release|Any CPU
		{76D425F3-E2A0-415B-A7D6-24F0165275E3}.Debug|Any CPU.ActiveCfg = Debug|Any CPU
		{76D425F3-E2A0-415B-A7D6-24F0165275E3}.Debug|Any CPU.Build.0 = Debug|Any CPU
		{76D425F3-E2A0-415B-A7D6-24F0165275E3}.Release|Any CPU.ActiveCfg = Release|Any CPU
		{76D425F3-E2A0-415B-A7D6-24F0165275E3}.Release|Any CPU.Build.0 = Release|Any CPU
		{874795EC-A595-40B7-AF8A-58BF1489BA40}.Debug|Any CPU.ActiveCfg = Debug|Any CPU
		{874795EC-A595-40B7-AF8A-58BF1489BA40}.Debug|Any CPU.Build.0 = Debug|Any CPU
		{874795EC-A595-40B7-AF8A-58BF1489BA40}.Release|Any CPU.ActiveCfg = Release|Any CPU
		{874795EC-A595-40B7-AF8A-58BF1489BA40}.Release|Any CPU.Build.0 = Release|Any CPU
		{50F37476-AE33-4D78-86E0-1C3CD14E4332}.Debug|Any CPU.ActiveCfg = Debug|Any CPU
		{50F37476-AE33-4D78-86E0-1C3CD14E4332}.Debug|Any CPU.Build.0 = Debug|Any CPU
		{50F37476-AE33-4D78-86E0-1C3CD14E4332}.Release|Any CPU.ActiveCfg = Release|Any CPU
		{50F37476-AE33-4D78-86E0-1C3CD14E4332}.Release|Any CPU.Build.0 = Release|Any CPU
		{ED3ABB76-3791-4C9B-9E48-E90349D89350}.Debug|Any CPU.ActiveCfg = Debug|Any CPU
		{ED3ABB76-3791-4C9B-9E48-E90349D89350}.Debug|Any CPU.Build.0 = Debug|Any CPU
		{ED3ABB76-3791-4C9B-9E48-E90349D89350}.Release|Any CPU.ActiveCfg = Release|Any CPU
		{ED3ABB76-3791-4C9B-9E48-E90349D89350}.Release|Any CPU.Build.0 = Release|Any CPU
		{A9CC1F54-CBB3-4E84-B011-592C37026AA2}.Debug|Any CPU.ActiveCfg = Debug|Any CPU
		{A9CC1F54-CBB3-4E84-B011-592C37026AA2}.Debug|Any CPU.Build.0 = Debug|Any CPU
		{A9CC1F54-CBB3-4E84-B011-592C37026AA2}.Release|Any CPU.ActiveCfg = Release|Any CPU
		{A9CC1F54-CBB3-4E84-B011-592C37026AA2}.Release|Any CPU.Build.0 = Release|Any CPU
		{B6E916A2-8904-463E-911F-517FD1B74FD1}.Debug|Any CPU.ActiveCfg = Debug|Any CPU
		{B6E916A2-8904-463E-911F-517FD1B74FD1}.Debug|Any CPU.Build.0 = Debug|Any CPU
		{B6E916A2-8904-463E-911F-517FD1B74FD1}.Release|Any CPU.ActiveCfg = Release|Any CPU
		{B6E916A2-8904-463E-911F-517FD1B74FD1}.Release|Any CPU.Build.0 = Release|Any CPU
	EndGlobalSection
	GlobalSection(SolutionProperties) = preSolution
		HideSolutionNode = FALSE
	EndGlobalSection
EndGlobal
